
Microsoft Visual Studio Solution File, Format Version 12.00
# Visual Studio Version 17
VisualStudioVersion = 17.4.33122.133
MinimumVisualStudioVersion = 10.0.40219.1
Project("{9A19103F-16F7-4668-BE54-9A1E7A4F7556}") = "FhirServerHarness", "src\FhirServerHarness\FhirServerHarness.csproj", "{B9B4F2F7-D077-4E85-A9FF-711549BC7169}"
EndProject
Project("{FAE04EC0-301F-11D3-BF4B-00C04F79EFBC}") = "FhirServerHarness.Tests", "src\FhirServerHarness.Tests\FhirServerHarness.Tests.csproj", "{FC92614E-5DB0-4C6D-B8D3-667BD55BAB5B}"
EndProject
Global
	GlobalSection(SolutionConfigurationPlatforms) = preSolution
		Debug|Any CPU = Debug|Any CPU
		Release|Any CPU = Release|Any CPU
	EndGlobalSection
	GlobalSection(ProjectConfigurationPlatforms) = postSolution
		{B9B4F2F7-D077-4E85-A9FF-711549BC7169}.Debug|Any CPU.ActiveCfg = Debug|Any CPU
		{B9B4F2F7-D077-4E85-A9FF-711549BC7169}.Debug|Any CPU.Build.0 = Debug|Any CPU
		{B9B4F2F7-D077-4E85-A9FF-711549BC7169}.Release|Any CPU.ActiveCfg = Release|Any CPU
		{B9B4F2F7-D077-4E85-A9FF-711549BC7169}.Release|Any CPU.Build.0 = Release|Any CPU
		{FC92614E-5DB0-4C6D-B8D3-667BD55BAB5B}.Debug|Any CPU.ActiveCfg = Debug|Any CPU
		{FC92614E-5DB0-4C6D-B8D3-667BD55BAB5B}.Debug|Any CPU.Build.0 = Debug|Any CPU
		{FC92614E-5DB0-4C6D-B8D3-667BD55BAB5B}.Release|Any CPU.ActiveCfg = Release|Any CPU
		{FC92614E-5DB0-4C6D-B8D3-667BD55BAB5B}.Release|Any CPU.Build.0 = Release|Any CPU
	EndGlobalSection
	GlobalSection(SolutionProperties) = preSolution
		HideSolutionNode = FALSE
	EndGlobalSection
	GlobalSection(ExtensibilityGlobals) = postSolution
		SolutionGuid = {2F9896CC-1A33-4A99-95F9-8D13DF291779}
	EndGlobalSection
EndGlobal
