
Microsoft Visual Studio Solution File, Format Version 12.00
# Visual Studio Version 17
VisualStudioVersion = 17.4.33122.133
MinimumVisualStudioVersion = 10.0.40219.1
Project("{9A19103F-16F7-4668-BE54-9A1E7A4F7556}") = "fhir-candle", "src\fhir-candle\fhir-candle.csproj", "{B9B4F2F7-D077-4E85-A9FF-711549BC7169}"
EndProject
Project("{9A19103F-16F7-4668-BE54-9A1E7A4F7556}") = "fhir-candle.Tests", "src\fhir-candle.Tests\fhir-candle.Tests.csproj", "{FC92614E-5DB0-4C6D-B8D3-667BD55BAB5B}"
EndProject
Project("{9A19103F-16F7-4668-BE54-9A1E7A4F7556}") = "FhirCandle.R4B", "src\FhirStore.R4B\FhirCandle.R4B.csproj", "{759EB849-EE81-4DAE-8AB4-941E1F2824E7}"
EndProject
Project("{D954291E-2A0B-460D-934E-DC6B0785DB48}") = "FhirCandle.Versioned", "src\FhirStore.CommonVersioned\FhirCandle.Versioned.shproj", "{05DD03DE-A22D-4FD8-A8A8-06FD05F20A18}"
EndProject
Project("{9A19103F-16F7-4668-BE54-9A1E7A4F7556}") = "FhirCandle.R5", "src\FhirStore.R5\FhirCandle.R5.csproj", "{B767A8A4-910F-4FC3-BE6B-A0515C6E167E}"
EndProject
Project("{9A19103F-16F7-4668-BE54-9A1E7A4F7556}") = "FhirCandle.R4", "src\FhirStore.R4\FhirCandle.R4.csproj", "{316B7737-194D-41D8-8725-B79C09CD8F93}"
EndProject
Project("{9A19103F-16F7-4668-BE54-9A1E7A4F7556}") = "FhirCandle.Common", "src\FhirStore.Common\FhirCandle.Common.csproj", "{F5886ACD-3CCD-4EA0-8438-A33AD0ED7A42}"
EndProject
Project("{2150E333-8FDC-42A3-9474-1A3956D46DE8}") = "Solution Items", "Solution Items", "{8B6BFF93-0260-40D3-BF26-175BC295D77B}"
	ProjectSection(SolutionItems) = preProject
		.gitignore = .gitignore
		CONTRIBUTING.MD = CONTRIBUTING.MD
		Dockerfile = Dockerfile
		LICENSE = LICENSE
		README.md = README.md
		THIRDPARTYNOTICES.md = THIRDPARTYNOTICES.md
	EndProjectSection
EndProject
Project("{9A19103F-16F7-4668-BE54-9A1E7A4F7556}") = "FhirCandle.Ui.R4", "src\FhirCandle.Ui.R4\FhirCandle.Ui.R4.csproj", "{34A8DC55-57B2-4AF5-9A9D-6C764EE9507B}"
EndProject
Project("{9A19103F-16F7-4668-BE54-9A1E7A4F7556}") = "FhirCandle.Ui.R4B", "src\FhirCandle.Ui.R4B\FhirCandle.Ui.R4B.csproj", "{E89FE0A1-6F77-43FB-8F84-75282D3F4538}"
EndProject
Project("{9A19103F-16F7-4668-BE54-9A1E7A4F7556}") = "FhirCandle.Ui.R5", "src\FhirCandle.Ui.R5\FhirCandle.Ui.R5.csproj", "{D6F90C51-D9A6-48E8-AAE8-F200C83E3F5F}"
EndProject
Project("{9A19103F-16F7-4668-BE54-9A1E7A4F7556}") = "FhirCandle.Ui.Common", "src\FhirCandle.Ui.Common\FhirCandle.Ui.Common.csproj", "{2276D057-68A6-4639-A821-0C028D8449D0}"
EndProject
Project("{D954291E-2A0B-460D-934E-DC6B0785DB48}") = "FhirCandle.Ui.Versioned", "src\FhirCandle.Ui.Versioned\FhirCandle.Ui.Versioned.shproj", "{EC6C9E23-56A7-470B-95D9-59D8CCCF942C}"
EndProject
Global
	GlobalSection(SolutionConfigurationPlatforms) = preSolution
		Debug|Any CPU = Debug|Any CPU
		Release|Any CPU = Release|Any CPU
	EndGlobalSection
	GlobalSection(ProjectConfigurationPlatforms) = postSolution
		{B9B4F2F7-D077-4E85-A9FF-711549BC7169}.Debug|Any CPU.ActiveCfg = Debug|Any CPU
		{B9B4F2F7-D077-4E85-A9FF-711549BC7169}.Debug|Any CPU.Build.0 = Debug|Any CPU
		{B9B4F2F7-D077-4E85-A9FF-711549BC7169}.Release|Any CPU.ActiveCfg = Release|Any CPU
		{B9B4F2F7-D077-4E85-A9FF-711549BC7169}.Release|Any CPU.Build.0 = Release|Any CPU
		{FC92614E-5DB0-4C6D-B8D3-667BD55BAB5B}.Debug|Any CPU.ActiveCfg = Debug|Any CPU
		{FC92614E-5DB0-4C6D-B8D3-667BD55BAB5B}.Debug|Any CPU.Build.0 = Debug|Any CPU
		{FC92614E-5DB0-4C6D-B8D3-667BD55BAB5B}.Release|Any CPU.ActiveCfg = Release|Any CPU
		{FC92614E-5DB0-4C6D-B8D3-667BD55BAB5B}.Release|Any CPU.Build.0 = Release|Any CPU
		{759EB849-EE81-4DAE-8AB4-941E1F2824E7}.Debug|Any CPU.ActiveCfg = Debug|Any CPU
		{759EB849-EE81-4DAE-8AB4-941E1F2824E7}.Debug|Any CPU.Build.0 = Debug|Any CPU
		{759EB849-EE81-4DAE-8AB4-941E1F2824E7}.Release|Any CPU.ActiveCfg = Release|Any CPU
		{759EB849-EE81-4DAE-8AB4-941E1F2824E7}.Release|Any CPU.Build.0 = Release|Any CPU
		{B767A8A4-910F-4FC3-BE6B-A0515C6E167E}.Debug|Any CPU.ActiveCfg = Debug|Any CPU
		{B767A8A4-910F-4FC3-BE6B-A0515C6E167E}.Debug|Any CPU.Build.0 = Debug|Any CPU
		{B767A8A4-910F-4FC3-BE6B-A0515C6E167E}.Release|Any CPU.ActiveCfg = Release|Any CPU
		{B767A8A4-910F-4FC3-BE6B-A0515C6E167E}.Release|Any CPU.Build.0 = Release|Any CPU
		{316B7737-194D-41D8-8725-B79C09CD8F93}.Debug|Any CPU.ActiveCfg = Debug|Any CPU
		{316B7737-194D-41D8-8725-B79C09CD8F93}.Debug|Any CPU.Build.0 = Debug|Any CPU
		{316B7737-194D-41D8-8725-B79C09CD8F93}.Release|Any CPU.ActiveCfg = Release|Any CPU
		{316B7737-194D-41D8-8725-B79C09CD8F93}.Release|Any CPU.Build.0 = Release|Any CPU
		{F5886ACD-3CCD-4EA0-8438-A33AD0ED7A42}.Debug|Any CPU.ActiveCfg = Debug|Any CPU
		{F5886ACD-3CCD-4EA0-8438-A33AD0ED7A42}.Debug|Any CPU.Build.0 = Debug|Any CPU
		{F5886ACD-3CCD-4EA0-8438-A33AD0ED7A42}.Release|Any CPU.ActiveCfg = Release|Any CPU
		{F5886ACD-3CCD-4EA0-8438-A33AD0ED7A42}.Release|Any CPU.Build.0 = Release|Any CPU
		{34A8DC55-57B2-4AF5-9A9D-6C764EE9507B}.Debug|Any CPU.ActiveCfg = Debug|Any CPU
		{34A8DC55-57B2-4AF5-9A9D-6C764EE9507B}.Debug|Any CPU.Build.0 = Debug|Any CPU
		{34A8DC55-57B2-4AF5-9A9D-6C764EE9507B}.Release|Any CPU.ActiveCfg = Release|Any CPU
		{34A8DC55-57B2-4AF5-9A9D-6C764EE9507B}.Release|Any CPU.Build.0 = Release|Any CPU
		{E89FE0A1-6F77-43FB-8F84-75282D3F4538}.Debug|Any CPU.ActiveCfg = Debug|Any CPU
		{E89FE0A1-6F77-43FB-8F84-75282D3F4538}.Debug|Any CPU.Build.0 = Debug|Any CPU
		{E89FE0A1-6F77-43FB-8F84-75282D3F4538}.Release|Any CPU.ActiveCfg = Release|Any CPU
		{E89FE0A1-6F77-43FB-8F84-75282D3F4538}.Release|Any CPU.Build.0 = Release|Any CPU
		{D6F90C51-D9A6-48E8-AAE8-F200C83E3F5F}.Debug|Any CPU.ActiveCfg = Debug|Any CPU
		{D6F90C51-D9A6-48E8-AAE8-F200C83E3F5F}.Debug|Any CPU.Build.0 = Debug|Any CPU
		{D6F90C51-D9A6-48E8-AAE8-F200C83E3F5F}.Release|Any CPU.ActiveCfg = Release|Any CPU
		{D6F90C51-D9A6-48E8-AAE8-F200C83E3F5F}.Release|Any CPU.Build.0 = Release|Any CPU
		{2276D057-68A6-4639-A821-0C028D8449D0}.Debug|Any CPU.ActiveCfg = Debug|Any CPU
		{2276D057-68A6-4639-A821-0C028D8449D0}.Debug|Any CPU.Build.0 = Debug|Any CPU
		{2276D057-68A6-4639-A821-0C028D8449D0}.Release|Any CPU.ActiveCfg = Release|Any CPU
		{2276D057-68A6-4639-A821-0C028D8449D0}.Release|Any CPU.Build.0 = Release|Any CPU
	EndGlobalSection
	GlobalSection(SolutionProperties) = preSolution
		HideSolutionNode = FALSE
	EndGlobalSection
	GlobalSection(ExtensibilityGlobals) = postSolution
		SolutionGuid = {2F9896CC-1A33-4A99-95F9-8D13DF291779}
	EndGlobalSection
	GlobalSection(SharedMSBuildProjectFiles) = preSolution
		src\FhirStore.CommonVersioned\FhirStore.CommonVersioned.projitems*{05dd03de-a22d-4fd8-a8a8-06fd05f20a18}*SharedItemsImports = 13
		src\FhirStore.CommonVersioned\FhirStore.CommonVersioned.projitems*{316b7737-194d-41d8-8725-b79c09cd8f93}*SharedItemsImports = 5
		src\FhirCandle.Ui.Versioned\FhirCandle.Ui.Versioned.projitems*{34a8dc55-57b2-4af5-9a9d-6c764ee9507b}*SharedItemsImports = 5
		src\FhirStore.CommonVersioned\FhirStore.CommonVersioned.projitems*{759eb849-ee81-4dae-8ab4-941e1f2824e7}*SharedItemsImports = 5
		src\FhirStore.CommonVersioned\FhirStore.CommonVersioned.projitems*{b767a8a4-910f-4fc3-be6b-a0515c6e167e}*SharedItemsImports = 5
		src\FhirCandle.Ui.Versioned\FhirCandle.Ui.Versioned.projitems*{d6f90c51-d9a6-48e8-aae8-f200c83e3f5f}*SharedItemsImports = 5
		src\FhirCandle.Ui.Versioned\FhirCandle.Ui.Versioned.projitems*{e89fe0a1-6f77-43fb-8f84-75282d3f4538}*SharedItemsImports = 5
		src\FhirCandle.Ui.Versioned\FhirCandle.Ui.Versioned.projitems*{ec6c9e23-56a7-470b-95d9-59d8cccf942c}*SharedItemsImports = 13
	EndGlobalSection
EndGlobal
